
Microsoft Visual Studio Solution File, Format Version 12.00
# Visual Studio 15
VisualStudioVersion = 15.0.28307.329
MinimumVisualStudioVersion = 10.0.40219.1
Project("{FAE04EC0-301F-11D3-BF4B-00C04F79EFBC}") = "bm", "bm\bm.csproj", "{8356BF6A-0EAD-414C-8B0B-1D292FD28398}"
EndProject
Global
	GlobalSection(SolutionConfigurationPlatforms) = preSolution
		Debug|Any CPU = Debug|Any CPU
		Release|Any CPU = Release|Any CPU
	EndGlobalSection
	GlobalSection(ProjectConfigurationPlatforms) = postSolution
		{8356BF6A-0EAD-414C-8B0B-1D292FD28398}.Debug|Any CPU.ActiveCfg = Debug|Any CPU
		{8356BF6A-0EAD-414C-8B0B-1D292FD28398}.Debug|Any CPU.Build.0 = Debug|Any CPU
		{8356BF6A-0EAD-414C-8B0B-1D292FD28398}.Release|Any CPU.ActiveCfg = Release|Any CPU
		{8356BF6A-0EAD-414C-8B0B-1D292FD28398}.Release|Any CPU.Build.0 = Release|Any CPU
	EndGlobalSection
	GlobalSection(SolutionProperties) = preSolution
		HideSolutionNode = FALSE
	EndGlobalSection
	GlobalSection(ExtensibilityGlobals) = postSolution
		SolutionGuid = {7D9A60A0-B3E5-4A10-A260-69DCDDB3F8B3}
	EndGlobalSection
EndGlobal
